schema: '2.0'
stages:
  preprocess:
    cmd: python src/ingestion/augment.py
    deps:
    - path: data/raw
      hash: md5
      md5: bb935dc94b37cdca2f1612999bce5cff.dir
      size: 32402383
      nfiles: 1300
    - path: src/ingestion/augment.py
      hash: md5
      md5: 737431768d4d9dfcafb7fda744f00cbe
      size: 1277
    outs:
    - path: data/processed
      hash: md5
      md5: ebf5c0ec37f85fe83153476e3b15ad8d.dir
      size: 173090002
      nfiles: 3900
  train:
    cmd: python src/training/train.py
    deps:
    - path: data/processed
      hash: md5
      md5: ebf5c0ec37f85fe83153476e3b15ad8d.dir
      size: 173090002
      nfiles: 3900
    - path: src/training/train.py
      hash: md5
      md5: 20d64887a7b9fa8d01235b300bb6ad58
      size: 6786
    outs:
    - path: best_model_weights.pth
      hash: md5
      md5: 3941459bc48f25799e4c0a1512df5512
      size: 8919862
    - path: metrics.json
      hash: md5
      md5: f89a41c25543e06dca6509b09fdd1e5b
      size: 259
    - path: model_architecture.txt
      hash: md5
      md5: 2fab90637dbd8d96ca382e62e2741a94
      size: 355
    - path: predictions.png
      hash: md5
      md5: 672b16c49d60698b24b0c4dbdd1a247f
      size: 42402
